
Microsoft Visual Studio Solution File, Format Version 12.00
# Visual Studio Version 17
VisualStudioVersion = 17.8.34309.116
MinimumVisualStudioVersion = 10.0.40219.1
Project("{9A19103F-16F7-4668-BE54-9A1E7A4F7556}") = "CSharpScriptExecutor", "CSharpScriptExecutor\CSharpScriptExecutor.csproj", "{737327DB-ED14-4BA8-BADA-8BA88D840295}"
EndProject
Project("{FAE04EC0-301F-11D3-BF4B-00C04F79EFBC}") = "DiscordCheck", "DiscordCheck\DiscordCheck.csproj", "{8E2AE7F7-79BC-4AB0-83A7-1B6C3E8F6FE0}"
EndProject
Global
	GlobalSection(SolutionConfigurationPlatforms) = preSolution
		Debug|Any CPU = Debug|Any CPU
		Release|Any CPU = Release|Any CPU
	EndGlobalSection
	GlobalSection(ProjectConfigurationPlatforms) = postSolution
		{737327DB-ED14-4BA8-BADA-8BA88D840295}.Debug|Any CPU.ActiveCfg = Debug|Any CPU
		{737327DB-ED14-4BA8-BADA-8BA88D840295}.Debug|Any CPU.Build.0 = Debug|Any CPU
		{737327DB-ED14-4BA8-BADA-8BA88D840295}.Release|Any CPU.ActiveCfg = Release|Any CPU
		{737327DB-ED14-4BA8-BADA-8BA88D840295}.Release|Any CPU.Build.0 = Release|Any CPU
		{8E2AE7F7-79BC-4AB0-83A7-1B6C3E8F6FE0}.Debug|Any CPU.ActiveCfg = Debug|Any CPU
		{8E2AE7F7-79BC-4AB0-83A7-1B6C3E8F6FE0}.Debug|Any CPU.Build.0 = Debug|Any CPU
		{8E2AE7F7-79BC-4AB0-83A7-1B6C3E8F6FE0}.Release|Any CPU.ActiveCfg = Release|Any CPU
		{8E2AE7F7-79BC-4AB0-83A7-1B6C3E8F6FE0}.Release|Any CPU.Build.0 = Release|Any CPU
	EndGlobalSection
	GlobalSection(SolutionProperties) = preSolution
		HideSolutionNode = FALSE
	EndGlobalSection
	GlobalSection(ExtensibilityGlobals) = postSolution
		SolutionGuid = {769368AE-2E0E-4599-A50C-90BA15CCAE0E}
	EndGlobalSection
EndGlobal
